
Microsoft Visual Studio Solution File, Format Version 12.00
# Visual Studio 15
VisualStudioVersion = 15.0.27703.2042
MinimumVisualStudioVersion = 10.0.40219.1
Project("{FAE04EC0-301F-11D3-BF4B-00C04F79EFBC}") = "ConsoleApp1", "ConsoleApp1\ConsoleApp1.csproj", "{42F2E200-DAE7-4B24-9BAF-B73CF54C7C5B}"
EndProject
Global
	GlobalSection(SolutionConfigurationPlatforms) = preSolution
		Debug|Any CPU = Debug|Any CPU
		Release|Any CPU = Release|Any CPU
	EndGlobalSection
	GlobalSection(ProjectConfigurationPlatforms) = postSolution
		{42F2E200-DAE7-4B24-9BAF-B73CF54C7C5B}.Debug|Any CPU.ActiveCfg = Debug|Any CPU
		{42F2E200-DAE7-4B24-9BAF-B73CF54C7C5B}.Debug|Any CPU.Build.0 = Debug|Any CPU
		{42F2E200-DAE7-4B24-9BAF-B73CF54C7C5B}.Release|Any CPU.ActiveCfg = Release|Any CPU
		{42F2E200-DAE7-4B24-9BAF-B73CF54C7C5B}.Release|Any CPU.Build.0 = Release|Any CPU
	EndGlobalSection
	GlobalSection(SolutionProperties) = preSolution
		HideSolutionNode = FALSE
	EndGlobalSection
	GlobalSection(ExtensibilityGlobals) = postSolution
		SolutionGuid = {066D1AE2-48C6-4920-B173-4C86E6B67C61}
	EndGlobalSection
EndGlobal
